
Microsoft Visual Studio Solution File, Format Version 12.00
# Visual Studio 2017
Project("{FAE04EC0-301F-11D3-BF4B-00C04F79EFBC}") = "DreamYard 2", "DreamYard 2.csproj", "{F00B183B-49F0-A7AC-4FF8-C476A2229A32}"
EndProject
Global
	GlobalSection(SolutionConfigurationPlatforms) = preSolution
		Debug|Any CPU = Debug|Any CPU
		Release|Any CPU = Release|Any CPU
	EndGlobalSection
	GlobalSection(ProjectConfigurationPlatforms) = postSolution
		{F00B183B-49F0-A7AC-4FF8-C476A2229A32}.Debug|Any CPU.ActiveCfg = Debug|Any CPU
		{F00B183B-49F0-A7AC-4FF8-C476A2229A32}.Debug|Any CPU.Build.0 = Debug|Any CPU
		{F00B183B-49F0-A7AC-4FF8-C476A2229A32}.Release|Any CPU.ActiveCfg = Release|Any CPU
		{F00B183B-49F0-A7AC-4FF8-C476A2229A32}.Release|Any CPU.Build.0 = Release|Any CPU
	EndGlobalSection
	GlobalSection(SolutionProperties) = preSolution
		HideSolutionNode = FALSE
	EndGlobalSection
EndGlobal
